
Microsoft Visual Studio Solution File, Format Version 12.00
# Visual Studio 15
Project("{FAE04EC0-301F-11D3-BF4B-00C04F79EFBC}") = "Assembly-CSharp", "Assembly-CSharp.csproj", "{9C02C265-64FB-2C78-5824-D47606068D51}"
EndProject
Project("{FAE04EC0-301F-11D3-BF4B-00C04F79EFBC}") = "PhotonUnityNetworking.Demos", "PhotonUnityNetworking.Demos.csproj", "{EB647A0F-FC1F-E629-9491-B830C7313731}"
EndProject
Project("{FAE04EC0-301F-11D3-BF4B-00C04F79EFBC}") = "PhotonRealtime", "PhotonRealtime.csproj", "{3204039C-E025-E266-D2B6-A91E52492796}"
EndProject
Project("{FAE04EC0-301F-11D3-BF4B-00C04F79EFBC}") = "PhotonUnityNetworking", "PhotonUnityNetworking.csproj", "{93470F1E-DFEE-3C01-B2D9-D6C12C606B72}"
EndProject
Project("{FAE04EC0-301F-11D3-BF4B-00C04F79EFBC}") = "PhotonUnityNetworking.Utilities", "PhotonUnityNetworking.Utilities.csproj", "{55A44430-4A7E-D0D8-A7A5-E550535AC9F2}"
EndProject
Project("{FAE04EC0-301F-11D3-BF4B-00C04F79EFBC}") = "PhotonChat", "PhotonChat.csproj", "{DB6E6CEC-52CB-45D4-3996-48278FC410C2}"
EndProject
Project("{FAE04EC0-301F-11D3-BF4B-00C04F79EFBC}") = "PhotonUnityNetworking.Editor", "PhotonUnityNetworking.Editor.csproj", "{60BCED78-785E-6215-C73C-BD9F16B3DCE8}"
EndProject
Project("{FAE04EC0-301F-11D3-BF4B-00C04F79EFBC}") = "PhotonUnityNetworking.Utilities.PhotonPlayer.Editor", "PhotonUnityNetworking.Utilities.PhotonPlayer.Editor.csproj", "{48EBEE2D-9E63-4D7A-DE90-4BA53D3BBE26}"
EndProject
Project("{FAE04EC0-301F-11D3-BF4B-00C04F79EFBC}") = "PunDemos.DemoSlotcarEditor", "PunDemos.DemoSlotcarEditor.csproj", "{7A995328-6066-F361-E450-2E62448DEE1E}"
EndProject
Project("{FAE04EC0-301F-11D3-BF4B-00C04F79EFBC}") = "PhotonUnityNetworking.Utilities.Culling.Editor", "PhotonUnityNetworking.Utilities.Culling.Editor.csproj", "{1FA4F5EA-1C99-90B6-B03D-DFCED77EB664}"
EndProject
Project("{FAE04EC0-301F-11D3-BF4B-00C04F79EFBC}") = "PunDemos.DemoHubEditor", "PunDemos.DemoHubEditor.csproj", "{0D7A641E-F5D7-4E04-5B87-07AFFE304990}"
EndProject
Project("{FAE04EC0-301F-11D3-BF4B-00C04F79EFBC}") = "Assembly-CSharp-Editor", "Assembly-CSharp-Editor.csproj", "{16CFECFE-93AD-027A-B0AE-DA9969C6E582}"
EndProject
Global
	GlobalSection(SolutionConfigurationPlatforms) = preSolution
		Debug|Any CPU = Debug|Any CPU
		Release|Any CPU = Release|Any CPU
	EndGlobalSection
	GlobalSection(ProjectConfigurationPlatforms) = postSolution
		{9C02C265-64FB-2C78-5824-D47606068D51}.Debug|Any CPU.ActiveCfg = Debug|Any CPU
		{9C02C265-64FB-2C78-5824-D47606068D51}.Debug|Any CPU.Build.0 = Debug|Any CPU
		{9C02C265-64FB-2C78-5824-D47606068D51}.Release|Any CPU.ActiveCfg = Release|Any CPU
		{9C02C265-64FB-2C78-5824-D47606068D51}.Release|Any CPU.Build.0 = Release|Any CPU
		{EB647A0F-FC1F-E629-9491-B830C7313731}.Debug|Any CPU.ActiveCfg = Debug|Any CPU
		{EB647A0F-FC1F-E629-9491-B830C7313731}.Debug|Any CPU.Build.0 = Debug|Any CPU
		{EB647A0F-FC1F-E629-9491-B830C7313731}.Release|Any CPU.ActiveCfg = Release|Any CPU
		{EB647A0F-FC1F-E629-9491-B830C7313731}.Release|Any CPU.Build.0 = Release|Any CPU
		{3204039C-E025-E266-D2B6-A91E52492796}.Debug|Any CPU.ActiveCfg = Debug|Any CPU
		{3204039C-E025-E266-D2B6-A91E52492796}.Debug|Any CPU.Build.0 = Debug|Any CPU
		{3204039C-E025-E266-D2B6-A91E52492796}.Release|Any CPU.ActiveCfg = Release|Any CPU
		{3204039C-E025-E266-D2B6-A91E52492796}.Release|Any CPU.Build.0 = Release|Any CPU
		{93470F1E-DFEE-3C01-B2D9-D6C12C606B72}.Debug|Any CPU.ActiveCfg = Debug|Any CPU
		{93470F1E-DFEE-3C01-B2D9-D6C12C606B72}.Debug|Any CPU.Build.0 = Debug|Any CPU
		{93470F1E-DFEE-3C01-B2D9-D6C12C606B72}.Release|Any CPU.ActiveCfg = Release|Any CPU
		{93470F1E-DFEE-3C01-B2D9-D6C12C606B72}.Release|Any CPU.Build.0 = Release|Any CPU
		{55A44430-4A7E-D0D8-A7A5-E550535AC9F2}.Debug|Any CPU.ActiveCfg = Debug|Any CPU
		{55A44430-4A7E-D0D8-A7A5-E550535AC9F2}.Debug|Any CPU.Build.0 = Debug|Any CPU
		{55A44430-4A7E-D0D8-A7A5-E550535AC9F2}.Release|Any CPU.ActiveCfg = Release|Any CPU
		{55A44430-4A7E-D0D8-A7A5-E550535AC9F2}.Release|Any CPU.Build.0 = Release|Any CPU
		{DB6E6CEC-52CB-45D4-3996-48278FC410C2}.Debug|Any CPU.ActiveCfg = Debug|Any CPU
		{DB6E6CEC-52CB-45D4-3996-48278FC410C2}.Debug|Any CPU.Build.0 = Debug|Any CPU
		{DB6E6CEC-52CB-45D4-3996-48278FC410C2}.Release|Any CPU.ActiveCfg = Release|Any CPU
		{DB6E6CEC-52CB-45D4-3996-48278FC410C2}.Release|Any CPU.Build.0 = Release|Any CPU
		{60BCED78-785E-6215-C73C-BD9F16B3DCE8}.Debug|Any CPU.ActiveCfg = Debug|Any CPU
		{60BCED78-785E-6215-C73C-BD9F16B3DCE8}.Debug|Any CPU.Build.0 = Debug|Any CPU
		{60BCED78-785E-6215-C73C-BD9F16B3DCE8}.Release|Any CPU.ActiveCfg = Release|Any CPU
		{60BCED78-785E-6215-C73C-BD9F16B3DCE8}.Release|Any CPU.Build.0 = Release|Any CPU
		{48EBEE2D-9E63-4D7A-DE90-4BA53D3BBE26}.Debug|Any CPU.ActiveCfg = Debug|Any CPU
		{48EBEE2D-9E63-4D7A-DE90-4BA53D3BBE26}.Debug|Any CPU.Build.0 = Debug|Any CPU
		{48EBEE2D-9E63-4D7A-DE90-4BA53D3BBE26}.Release|Any CPU.ActiveCfg = Release|Any CPU
		{48EBEE2D-9E63-4D7A-DE90-4BA53D3BBE26}.Release|Any CPU.Build.0 = Release|Any CPU
		{7A995328-6066-F361-E450-2E62448DEE1E}.Debug|Any CPU.ActiveCfg = Debug|Any CPU
		{7A995328-6066-F361-E450-2E62448DEE1E}.Debug|Any CPU.Build.0 = Debug|Any CPU
		{7A995328-6066-F361-E450-2E62448DEE1E}.Release|Any CPU.ActiveCfg = Release|Any CPU
		{7A995328-6066-F361-E450-2E62448DEE1E}.Release|Any CPU.Build.0 = Release|Any CPU
		{1FA4F5EA-1C99-90B6-B03D-DFCED77EB664}.Debug|Any CPU.ActiveCfg = Debug|Any CPU
		{1FA4F5EA-1C99-90B6-B03D-DFCED77EB664}.Debug|Any CPU.Build.0 = Debug|Any CPU
		{1FA4F5EA-1C99-90B6-B03D-DFCED77EB664}.Release|Any CPU.ActiveCfg = Release|Any CPU
		{1FA4F5EA-1C99-90B6-B03D-DFCED77EB664}.Release|Any CPU.Build.0 = Release|Any CPU
		{0D7A641E-F5D7-4E04-5B87-07AFFE304990}.Debug|Any CPU.ActiveCfg = Debug|Any CPU
		{0D7A641E-F5D7-4E04-5B87-07AFFE304990}.Debug|Any CPU.Build.0 = Debug|Any CPU
		{0D7A641E-F5D7-4E04-5B87-07AFFE304990}.Release|Any CPU.ActiveCfg = Release|Any CPU
		{0D7A641E-F5D7-4E04-5B87-07AFFE304990}.Release|Any CPU.Build.0 = Release|Any CPU
		{16CFECFE-93AD-027A-B0AE-DA9969C6E582}.Debug|Any CPU.ActiveCfg = Debug|Any CPU
		{16CFECFE-93AD-027A-B0AE-DA9969C6E582}.Debug|Any CPU.Build.0 = Debug|Any CPU
		{16CFECFE-93AD-027A-B0AE-DA9969C6E582}.Release|Any CPU.ActiveCfg = Release|Any CPU
		{16CFECFE-93AD-027A-B0AE-DA9969C6E582}.Release|Any CPU.Build.0 = Release|Any CPU
	EndGlobalSection
	GlobalSection(SolutionProperties) = preSolution
		HideSolutionNode = FALSE
	EndGlobalSection
EndGlobal
